{
  "name": "5.4",
  "lockfileVersion": 2,
  "requires": true,
  "packages": {
    "": {
      "devDependencies": {
        "@types/argparse": "^2.0.14",
        "@types/balanced-match": "^3.0.2",
        "@types/brace-expansion": "^1.1.2",
        "@types/color-convert": "^2.0.3",
        "@types/color-name": "^1.1.3",
        "@types/concat-map": "^0.0.3",
        "@types/confusing-browser-globals": "^1.0.3",
        "@types/cross-spawn": "^6.0.6",
        "@types/debug": "^4.1.12",
        "@types/doctrine": "^0.0.9",
        "@types/eslint__eslintrc": "^2.1.1",
        "@types/eslint__js": "^8.42.3",
        "@types/eslint-scope": "^3.7.7",
        "@types/esquery": "^1.5.3",
        "@types/estraverse": "^5.1.7",
        "@types/esutils": "^2.0.2",
        "@types/fast-levenshtein": "^0.0.4",
        "@types/file-entry-cache": "^5.0.4",
        "@types/flat-cache": "^2.0.2",
        "@types/glob-parent": "^5.1.3",
        "@types/imurmurhash": "^0.1.4",
        "@types/inflight": "^1.0.1",
        "@types/inherits": "^0.0.33",
        "@types/is-glob": "^4.0.4",
        "@types/isexe": "^2.0.4",
        "@types/js-yaml": "^4.0.9",
        "@types/json-buffer": "^3.0.2",
        "@types/json-stable-stringify-without-jsonify": "^1.0.2",
        "@types/lodash.merge": "^4.6.9",
        "@types/ms": "^0.7.34",
        "@types/natural-compare": "^1.4.3",
        "@types/once": "^1.4.4",
        "@types/path-is-absolute": "^1.0.2",
        "@types/prelude-ls": "^1.1.34",
        "@types/punycode": "^2.1.3",
        "@types/run-parallel": "^1.1.2",
        "@types/shebang-command": "^1.2.2",
        "@types/supports-color": "^8.1.3",
        "@types/text-table": "^0.2.5",
        "@types/type-check": "^0.3.30",
        "@types/ungap__structured-clone": "^0.3.3",
        "@types/which": "^3.0.3"
      }
    },
    "node_modules/@types/argparse": {
      "version": "2.0.14",
      "resolved": "https://registry.npmjs.org/@types/argparse/-/argparse-2.0.14.tgz",
      "integrity": "sha512-jJ6NMs9rXQ0rsqNt3TL4Elcwhd6wygo3lJOVoiHzURD34vsCcAlw443uGu4PXTtEmMF7sYKoadTCLXNmuJuQGw==",
      "dev": true
    },
    "node_modules/@types/balanced-match": {
      "version": "3.0.2",
      "resolved": "https://registry.npmjs.org/@types/balanced-match/-/balanced-match-3.0.2.tgz",
      "integrity": "sha512-It1j6doJHkoGoxfOj3c7sHVHQXYMHo3c0kpcnPhEO4KfitNE5SqiSGKV0Hx5/cwyYKJfEhin0tZYBmqpjEcavw==",
      "dev": true
    },
    "node_modules/@types/brace-expansion": {
      "version": "1.1.2",
      "resolved": "https://registry.npmjs.org/@types/brace-expansion/-/brace-expansion-1.1.2.tgz",
      "integrity": "sha512-+YDjlWHMm/zoiQSKhEhL/0HdfYxCVuGlP5tQLm5hoHtxGPAMqyHjGpLqm58YDw7vG+RafAahp7HKXeNIwBP3kQ==",
      "dev": true
    },
    "node_modules/@types/color-convert": {
      "version": "2.0.3",
      "resolved": "https://registry.npmjs.org/@types/color-convert/-/color-convert-2.0.3.tgz",
      "integrity": "sha512-2Q6wzrNiuEvYxVQqhh7sXM2mhIhvZR/Paq4FdsQkOMgWsCIkKvSGj8Le1/XalulrmgOzPMqNa0ix+ePY4hTrfg==",
      "dev": true,
      "dependencies": {
        "@types/color-name": "*"
      }
    },
    "node_modules/@types/color-name": {
      "version": "1.1.3",
      "resolved": "https://registry.npmjs.org/@types/color-name/-/color-name-1.1.3.tgz",
      "integrity": "sha512-87W6MJCKZYDhLAx/J1ikW8niMvmGRyY+rpUxWpL1cO7F8Uu5CHuQoFv+R0/L5pgNdW4jTyda42kv60uwVIPjLw==",
      "dev": true
    },
    "node_modules/@types/concat-map": {
      "version": "0.0.3",
      "resolved": "https://registry.npmjs.org/@types/concat-map/-/concat-map-0.0.3.tgz",
      "integrity": "sha512-Y6PwfYcvXKbLCQ5sYw2XWg4hwLe9BMU37/yyTqpY4pZwTDQKhlx1DSwZ0JmGM/kuR1LQFq+3YJIrEbXsuNyoyA==",
      "dev": true
    },
    "node_modules/@types/confusing-browser-globals": {
      "version": "1.0.3",
      "resolved": "https://registry.npmjs.org/@types/confusing-browser-globals/-/confusing-browser-globals-1.0.3.tgz",
      "integrity": "sha512-q+6axdE3RyjrSsy2ONE4UpF89rwOfpoMBP3lqJ+OzLuOeYHwP+o2GITzuleKb1UT3FSYybO8QmeACgyHleu2CA==",
      "dev": true
    },
    "node_modules/@types/cross-spawn": {
      "version": "6.0.6",
      "resolved": "https://registry.npmjs.org/@types/cross-spawn/-/cross-spawn-6.0.6.tgz",
      "integrity": "sha512-fXRhhUkG4H3TQk5dBhQ7m/JDdSNHKwR2BBia62lhwEIq9xGiQKLxd6LymNhn47SjXhsUEPmxi+PKw2OkW4LLjA==",
      "dev": true,
      "dependencies": {
        "@types/node": "*"
      }
    },
    "node_modules/@types/debug": {
      "version": "4.1.12",
      "resolved": "https://registry.npmjs.org/@types/debug/-/debug-4.1.12.tgz",
      "integrity": "sha512-vIChWdVG3LG1SMxEvI/AK+FWJthlrqlTu7fbrlywTkkaONwk/UAGaULXRlf8vkzFBLVm0zkMdCquhL5aOjhXPQ==",
      "dev": true,
      "dependencies": {
        "@types/ms": "*"
      }
    },
    "node_modules/@types/doctrine": {
      "version": "0.0.9",
      "resolved": "https://registry.npmjs.org/@types/doctrine/-/doctrine-0.0.9.tgz",
      "integrity": "sha512-eOIHzCUSH7SMfonMG1LsC2f8vxBFtho6NGBznK41R84YzPuvSBzrhEps33IsQiOW9+VL6NQ9DbjQJznk/S4uRA==",
      "dev": true
    },
    "node_modules/@types/eslint": {
      "version": "8.44.7",
      "resolved": "https://registry.npmjs.org/@types/eslint/-/eslint-8.44.7.tgz",
      "integrity": "sha512-f5ORu2hcBbKei97U73mf+l9t4zTGl74IqZ0GQk4oVea/VS8tQZYkUveSYojk+frraAVYId0V2WC9O4PTNru2FQ==",
      "dev": true,
      "dependencies": {
        "@types/estree": "*",
        "@types/json-schema": "*"
      }
    },
    "node_modules/@types/eslint__eslintrc": {
      "version": "2.1.1",
      "resolved": "https://registry.npmjs.org/@types/eslint__eslintrc/-/eslint__eslintrc-2.1.1.tgz",
      "integrity": "sha512-LI51vVv3N7WI4+fM7Xkh1+ciLA1gtuQPgXdKdece+vD8f/G2hrFqtwb4YIQyIM6VXpRM4vSy1PW5y3yuHK+Y2w==",
      "dev": true,
      "dependencies": {
        "@types/eslint": "*"
      }
    },
    "node_modules/@types/eslint__js": {
      "version": "8.42.3",
      "resolved": "https://registry.npmjs.org/@types/eslint__js/-/eslint__js-8.42.3.tgz",
      "integrity": "sha512-alfG737uhmPdnvkrLdZLcEKJ/B8s9Y4hrZ+YAdzUeoArBlSUERA2E87ROfOaS4jd/C45fzOoZzidLc1IPwLqOw==",
      "dev": true,
      "dependencies": {
        "@types/eslint": "*"
      }
    },
    "node_modules/@types/eslint-scope": {
      "version": "3.7.7",
      "resolved": "https://registry.npmjs.org/@types/eslint-scope/-/eslint-scope-3.7.7.tgz",
      "integrity": "sha512-MzMFlSLBqNF2gcHWO0G1vP/YQyfvrxZ0bF+u7mzUdZ1/xK4A4sru+nraZz5i3iEIk1l1uyicaDVTB4QbbEkAYg==",
      "dev": true,
      "dependencies": {
        "@types/eslint": "*",
        "@types/estree": "*"
      }
    },
    "node_modules/@types/esquery": {
      "version": "1.5.3",
      "resolved": "https://registry.npmjs.org/@types/esquery/-/esquery-1.5.3.tgz",
      "integrity": "sha512-c55hQOcoPkWDfuEN9EdP1YyNH4D909U40gUEpY0nB5PWHExWHEPxcx3sx0fJ1Gzf4j1OpWktmIgciIlpgHtfDg==",
      "dev": true,
      "dependencies": {
        "@types/estree": "*"
      }
    },
    "node_modules/@types/estraverse": {
      "version": "5.1.7",
      "resolved": "https://registry.npmjs.org/@types/estraverse/-/estraverse-5.1.7.tgz",
      "integrity": "sha512-JRVtdKYZz7VkNp7hMC/WKoiZ8DS3byw20ZGoMZ1R8eBrBPIY7iBaDAS1zcrnXQCwK44G4vbXkimeU7R0VLG8UQ==",
      "dev": true,
      "dependencies": {
        "@types/estree": "*"
      }
    },
    "node_modules/@types/estree": {
      "version": "1.0.5",
      "dev": true,
      "license": "MIT"
    },
    "node_modules/@types/esutils": {
      "version": "2.0.2",
      "resolved": "https://registry.npmjs.org/@types/esutils/-/esutils-2.0.2.tgz",
      "integrity": "sha512-HPQcBvKaxSKbCt+KKOfPhEFsrXoXDuTuMSEnpB/DVcHXzO6Yt2SAj2OnxqQT/LYO8sCPpk22AJQ2k+nTMMSvNw==",
      "dev": true
    },
    "node_modules/@types/fast-levenshtein": {
      "version": "0.0.4",
      "resolved": "https://registry.npmjs.org/@types/fast-levenshtein/-/fast-levenshtein-0.0.4.tgz",
      "integrity": "sha512-tkDveuitddQCxut1Db8eEFfMahTjOumTJGPHmT9E7KUH+DkVq9WTpVvlfenf3S+uCBeu8j5FP2xik/KfxOEjeA==",
      "dev": true
    },
    "node_modules/@types/file-entry-cache": {
      "version": "5.0.4",
      "resolved": "https://registry.npmjs.org/@types/file-entry-cache/-/file-entry-cache-5.0.4.tgz",
      "integrity": "sha512-Fa2gRWMSgbVEJ6GeDkFfBEDK/wpFBHkfeRt7oaeOjuPMdPr8KtA3y+onRuZNxgPOwyABD1chCzmE7pz10ouNog==",
      "dev": true,
      "dependencies": {
        "@types/node": "*"
      }
    },
    "node_modules/@types/flat-cache": {
      "version": "2.0.2",
      "resolved": "https://registry.npmjs.org/@types/flat-cache/-/flat-cache-2.0.2.tgz",
      "integrity": "sha512-uZRK+n0d9JBzcEqjRJGD9SiPtDKUn4E5w4n6iFHqAdgylJFc2Eh2KK9UimvH/saz6dwGC36Jt1DzyKBvHiEIgA==",
      "dev": true
    },
    "node_modules/@types/glob-parent": {
      "version": "5.1.3",
      "resolved": "https://registry.npmjs.org/@types/glob-parent/-/glob-parent-5.1.3.tgz",
      "integrity": "sha512-p+NciRH8TRvrgISOCQ55CP+lktMmDpOXsp4spULIIz0L4aJ6G9zFX+N0UZ2xulmJRgaQLRxXIp4xHdL6YOQjDg==",
      "dev": true
    },
    "node_modules/@types/imurmurhash": {
      "version": "0.1.4",
      "resolved": "https://registry.npmjs.org/@types/imurmurhash/-/imurmurhash-0.1.4.tgz",
      "integrity": "sha512-Zo/QlTiAvOP3pd9nuPOw33k0l/QssLOBrriShWzUE4qhIZByIF3rCoyF8ZTxdyFTUM2mYljYLqMUeLvA3NJUmQ==",
      "dev": true
    },
    "node_modules/@types/inflight": {
      "version": "1.0.1",
      "resolved": "https://registry.npmjs.org/@types/inflight/-/inflight-1.0.1.tgz",
      "integrity": "sha512-WwvaiaKozT9jS75yg07JXarQLeICBclqToX5VOoLXlr3L7K/mTueAUYNc2+8TYMgGmfottG9msUxy3C91fQoNw==",
      "dev": true
    },
    "node_modules/@types/inherits": {
      "version": "0.0.33",
      "resolved": "https://registry.npmjs.org/@types/inherits/-/inherits-0.0.33.tgz",
      "integrity": "sha512-ICS/+dYTkt3D7GPBAKqAAFXpeoWOZ6CVhiOlcweN4t3gZd8joVIy43KWsKGPL+d2Rvxunhz80Z7zlZhmR/q+GQ==",
      "dev": true,
      "dependencies": {
        "@types/node": "*"
      }
    },
    "node_modules/@types/is-glob": {
      "version": "4.0.4",
      "resolved": "https://registry.npmjs.org/@types/is-glob/-/is-glob-4.0.4.tgz",
      "integrity": "sha512-3mFBtIPQ0TQetKRDe94g8YrxJZxdMillMGegyv6zRBXvq4peRRhf2wLZ/Dl53emtTsC29dQQBwYvovS20yXpiQ==",
      "dev": true
    },
    "node_modules/@types/isexe": {
      "version": "2.0.4",
      "resolved": "https://registry.npmjs.org/@types/isexe/-/isexe-2.0.4.tgz",
      "integrity": "sha512-w58Psz9kbciMtGGBeDh/HGfajAehNiXCsI5+6OFC8hvfW2SUfjqDxsTXH1B6i3Zb/fLjasdPM7P64SbsAPNAeA==",
      "dev": true,
      "dependencies": {
        "@types/node": "*"
      }
    },
    "node_modules/@types/js-yaml": {
      "version": "4.0.9",
      "resolved": "https://registry.npmjs.org/@types/js-yaml/-/js-yaml-4.0.9.tgz",
      "integrity": "sha512-k4MGaQl5TGo/iipqb2UDG2UwjXziSWkh0uysQelTlJpX1qGlpUZYm8PnO4DxG1qBomtJUdYJ6qR6xdIah10JLg==",
      "dev": true
    },
    "node_modules/@types/json-buffer": {
      "version": "3.0.2",
      "resolved": "https://registry.npmjs.org/@types/json-buffer/-/json-buffer-3.0.2.tgz",
      "integrity": "sha512-JdDf/nA+fafue3dkRhEYyUx8j7dCXr3LT2DQadS6sfyg4+tUQlsSYwwpxYTml0sLEnzP1cVamcFTkUaMIzkbCQ==",
      "dev": true
    },
    "node_modules/@types/json-schema": {
      "dev": true
    },
    "node_modules/@types/json-stable-stringify-without-jsonify": {
      "version": "1.0.2",
      "resolved": "https://registry.npmjs.org/@types/json-stable-stringify-without-jsonify/-/json-stable-stringify-without-jsonify-1.0.2.tgz",
      "integrity": "sha512-X/Kn5f5fv1KBGqGDaegrj72Dlh+qEKN3ELwMAB6RdVlVzkf6NTeEnJpgR/Hr0AlpgTlYq/Vd0U3f79lavn6aDA==",
      "dev": true
    },
    "node_modules/@types/lodash": {
      "version": "4.14.202",
      "resolved": "https://registry.npmjs.org/@types/lodash/-/lodash-4.14.202.tgz",
      "integrity": "sha512-OvlIYQK9tNneDlS0VN54LLd5uiPCBOp7gS5Z0f1mjoJYBrtStzgmJBxONW3U6OZqdtNzZPmn9BS/7WI7BFFcFQ==",
      "dev": true
    },
    "node_modules/@types/lodash.merge": {
      "version": "4.6.9",
      "resolved": "https://registry.npmjs.org/@types/lodash.merge/-/lodash.merge-4.6.9.tgz",
      "integrity": "sha512-23sHDPmzd59kUgWyKGiOMO2Qb9YtqRO/x4IhkgNUiPQ1+5MUVqi6bCZeq9nBJ17msjIMbEIO5u+XW4Kz6aGUhQ==",
      "dev": true,
      "dependencies": {
        "@types/lodash": "*"
      }
    },
    "node_modules/@types/ms": {
      "version": "0.7.34",
      "resolved": "https://registry.npmjs.org/@types/ms/-/ms-0.7.34.tgz",
      "integrity": "sha512-nG96G3Wp6acyAgJqGasjODb+acrI7KltPiRxzHPXnP3NgI28bpQDRv53olbqGXbfcgF5aiiHmO3xpwEpS5Ld9g==",
      "dev": true
    },
    "node_modules/@types/natural-compare": {
      "version": "1.4.3",
      "resolved": "https://registry.npmjs.org/@types/natural-compare/-/natural-compare-1.4.3.tgz",
      "integrity": "sha512-XCAxy+Gg6+S6VagwzcknnvCKujj/bVv1q+GFuCrFEelqaZPqJoC+FeXLwc2dp+oLP7qDZQ4ZfQiTJQ9sIUmlLw==",
      "dev": true
    },
    "node_modules/@types/node": {
      "dev": true
    },
    "node_modules/@types/once": {
      "version": "1.4.4",
      "resolved": "https://registry.npmjs.org/@types/once/-/once-1.4.4.tgz",
      "integrity": "sha512-KSwEbnmPvnbHLtDj05t0w2CBAYctJ1M6gj/6JfWK+pLeD7/T7QGWGyXHaqLAMOQfDJP+sO/ujPDiPAAlHR3GOg==",
      "dev": true
    },
    "node_modules/@types/path-is-absolute": {
      "version": "1.0.2",
      "resolved": "https://registry.npmjs.org/@types/path-is-absolute/-/path-is-absolute-1.0.2.tgz",
      "integrity": "sha512-0S6KybVFMuRt2X1Za9qDkT+nGuBwmHpMGTt5FfDvd8s1clMhAz7upji0n/qgIJMGMtg/onn0J3DOJg10kpzJLQ==",
      "dev": true
    },
    "node_modules/@types/prelude-ls": {
      "version": "1.1.34",
      "resolved": "https://registry.npmjs.org/@types/prelude-ls/-/prelude-ls-1.1.34.tgz",
      "integrity": "sha512-RaLdOsBEtWffpvnM1gH/hyWKYZoc1RwmLZz15XxEI9opQNjve7sSE1KVH5Fv/JMqzyap5bF8DMKl7Br5QZj0Wg==",
      "dev": true
    },
    "node_modules/@types/punycode": {
      "version": "2.1.3",
      "resolved": "https://registry.npmjs.org/@types/punycode/-/punycode-2.1.3.tgz",
      "integrity": "sha512-dFkH9Mz0yY5UfQVSrpj1grQyqRwe4TohTLlHFx4Gli8/fsaNyoOVUAsiEBZk5JBwbEJVZ49W6st8D5g6dRJb/w==",
      "dev": true
    },
    "node_modules/@types/run-parallel": {
      "version": "1.1.2",
      "resolved": "https://registry.npmjs.org/@types/run-parallel/-/run-parallel-1.1.2.tgz",
      "integrity": "sha512-VTfcfGokDmgvrrDyq4gXv8Psv0NJCTk2dVYP3PSskghSYljtEuX2LUF6rWGg1fZP/BXxt/4urZl6arSx1b/Sgw==",
      "dev": true
    },
    "node_modules/@types/shebang-command": {
      "version": "1.2.2",
      "resolved": "https://registry.npmjs.org/@types/shebang-command/-/shebang-command-1.2.2.tgz",
      "integrity": "sha512-qr5yUISYlzwq91s5PIzvs8bR/NQOwaN586kg5eLc1N46uvOTMtMN9J9z9NySmVjy2dlHPr5UmyCBZLRwgfYgpg==",
      "dev": true
    },
    "node_modules/@types/supports-color": {
      "version": "8.1.3",
      "resolved": "https://registry.npmjs.org/@types/supports-color/-/supports-color-8.1.3.tgz",
      "integrity": "sha512-Hy6UMpxhE3j1tLpl27exp1XqHD7n8chAiNPzWfz16LPZoMMoSc4dzLl6w9qijkEb/r5O1ozdu1CWGA2L83ZeZg==",
      "dev": true
    },
    "node_modules/@types/text-table": {
      "version": "0.2.5",
      "resolved": "https://registry.npmjs.org/@types/text-table/-/text-table-0.2.5.tgz",
      "integrity": "sha512-hcZhlNvMkQG/k1vcZ6yHOl6WAYftQ2MLfTHcYRZ2xYZFD8tGVnE3qFV0lj1smQeDSR7/yY0PyuUalauf33bJeA==",
      "dev": true
    },
    "node_modules/@types/type-check": {
      "version": "0.3.30",
      "resolved": "https://registry.npmjs.org/@types/type-check/-/type-check-0.3.30.tgz",
      "integrity": "sha512-xTxWk/TWmpYBWD47NKejJiJ0y14MgPx8XOF2kDSqhQGWPy2qmuKc7P854Wrn3SqO/LyEYiVdsGC1mJw1ds+QpQ==",
      "dev": true
    },
    "node_modules/@types/ungap__structured-clone": {
      "version": "0.3.3",
      "resolved": "https://registry.npmjs.org/@types/ungap__structured-clone/-/ungap__structured-clone-0.3.3.tgz",
      "integrity": "sha512-RNmhIPwoip6K/zZOv3ypksTAqaqLEXvlNSXKyrC93xMSOAHZCR7PifW6xKZCwkbbnbM9dwB9X56PPoNTlNwEqw==",
      "dev": true
    },
    "node_modules/@types/which": {
      "version": "3.0.3",
      "resolved": "https://registry.npmjs.org/@types/which/-/which-3.0.3.tgz",
      "integrity": "sha512-2C1+XoY0huExTbs8MQv1DuS5FS86+SEjdM9F/+GS61gg5Hqbtj8ZiDSx8MfWcyei907fIPbfPGCOrNUTnVHY1g==",
      "dev": true
    }
  },
  "dependencies": {
    "@types/argparse": {
      "version": "2.0.14",
      "resolved": "https://registry.npmjs.org/@types/argparse/-/argparse-2.0.14.tgz",
      "integrity": "sha512-jJ6NMs9rXQ0rsqNt3TL4Elcwhd6wygo3lJOVoiHzURD34vsCcAlw443uGu4PXTtEmMF7sYKoadTCLXNmuJuQGw==",
      "dev": true
    },
    "@types/balanced-match": {
      "version": "3.0.2",
      "resolved": "https://registry.npmjs.org/@types/balanced-match/-/balanced-match-3.0.2.tgz",
      "integrity": "sha512-It1j6doJHkoGoxfOj3c7sHVHQXYMHo3c0kpcnPhEO4KfitNE5SqiSGKV0Hx5/cwyYKJfEhin0tZYBmqpjEcavw==",
      "dev": true
    },
    "@types/brace-expansion": {
      "version": "1.1.2",
      "resolved": "https://registry.npmjs.org/@types/brace-expansion/-/brace-expansion-1.1.2.tgz",
      "integrity": "sha512-+YDjlWHMm/zoiQSKhEhL/0HdfYxCVuGlP5tQLm5hoHtxGPAMqyHjGpLqm58YDw7vG+RafAahp7HKXeNIwBP3kQ==",
      "dev": true
    },
    "@types/color-convert": {
      "version": "2.0.3",
      "resolved": "https://registry.npmjs.org/@types/color-convert/-/color-convert-2.0.3.tgz",
      "integrity": "sha512-2Q6wzrNiuEvYxVQqhh7sXM2mhIhvZR/Paq4FdsQkOMgWsCIkKvSGj8Le1/XalulrmgOzPMqNa0ix+ePY4hTrfg==",
      "dev": true,
      "requires": {
        "@types/color-name": "*"
      }
    },
    "@types/color-name": {
      "version": "1.1.3",
      "resolved": "https://registry.npmjs.org/@types/color-name/-/color-name-1.1.3.tgz",
      "integrity": "sha512-87W6MJCKZYDhLAx/J1ikW8niMvmGRyY+rpUxWpL1cO7F8Uu5CHuQoFv+R0/L5pgNdW4jTyda42kv60uwVIPjLw==",
      "dev": true
    },
    "@types/concat-map": {
      "version": "0.0.3",
      "resolved": "https://registry.npmjs.org/@types/concat-map/-/concat-map-0.0.3.tgz",
      "integrity": "sha512-Y6PwfYcvXKbLCQ5sYw2XWg4hwLe9BMU37/yyTqpY4pZwTDQKhlx1DSwZ0JmGM/kuR1LQFq+3YJIrEbXsuNyoyA==",
      "dev": true
    },
    "@types/confusing-browser-globals": {
      "version": "1.0.3",
      "resolved": "https://registry.npmjs.org/@types/confusing-browser-globals/-/confusing-browser-globals-1.0.3.tgz",
      "integrity": "sha512-q+6axdE3RyjrSsy2ONE4UpF89rwOfpoMBP3lqJ+OzLuOeYHwP+o2GITzuleKb1UT3FSYybO8QmeACgyHleu2CA==",
      "dev": true
    },
    "@types/cross-spawn": {
      "version": "6.0.6",
      "resolved": "https://registry.npmjs.org/@types/cross-spawn/-/cross-spawn-6.0.6.tgz",
      "integrity": "sha512-fXRhhUkG4H3TQk5dBhQ7m/JDdSNHKwR2BBia62lhwEIq9xGiQKLxd6LymNhn47SjXhsUEPmxi+PKw2OkW4LLjA==",
      "dev": true,
      "requires": {
        "@types/node": "*"
      }
    },
    "@types/debug": {
      "version": "4.1.12",
      "resolved": "https://registry.npmjs.org/@types/debug/-/debug-4.1.12.tgz",
      "integrity": "sha512-vIChWdVG3LG1SMxEvI/AK+FWJthlrqlTu7fbrlywTkkaONwk/UAGaULXRlf8vkzFBLVm0zkMdCquhL5aOjhXPQ==",
      "dev": true,
      "requires": {
        "@types/ms": "*"
      }
    },
    "@types/doctrine": {
      "version": "0.0.9",
      "resolved": "https://registry.npmjs.org/@types/doctrine/-/doctrine-0.0.9.tgz",
      "integrity": "sha512-eOIHzCUSH7SMfonMG1LsC2f8vxBFtho6NGBznK41R84YzPuvSBzrhEps33IsQiOW9+VL6NQ9DbjQJznk/S4uRA==",
      "dev": true
    },
    "@types/eslint": {
      "version": "8.44.7",
      "resolved": "https://registry.npmjs.org/@types/eslint/-/eslint-8.44.7.tgz",
      "integrity": "sha512-f5ORu2hcBbKei97U73mf+l9t4zTGl74IqZ0GQk4oVea/VS8tQZYkUveSYojk+frraAVYId0V2WC9O4PTNru2FQ==",
      "dev": true,
      "requires": {
        "@types/estree": "*",
        "@types/json-schema": "*"
      }
    },
    "@types/eslint__eslintrc": {
      "version": "2.1.1",
      "resolved": "https://registry.npmjs.org/@types/eslint__eslintrc/-/eslint__eslintrc-2.1.1.tgz",
      "integrity": "sha512-LI51vVv3N7WI4+fM7Xkh1+ciLA1gtuQPgXdKdece+vD8f/G2hrFqtwb4YIQyIM6VXpRM4vSy1PW5y3yuHK+Y2w==",
      "dev": true,
      "requires": {
        "@types/eslint": "*"
      }
    },
    "@types/eslint__js": {
      "version": "8.42.3",
      "resolved": "https://registry.npmjs.org/@types/eslint__js/-/eslint__js-8.42.3.tgz",
      "integrity": "sha512-alfG737uhmPdnvkrLdZLcEKJ/B8s9Y4hrZ+YAdzUeoArBlSUERA2E87ROfOaS4jd/C45fzOoZzidLc1IPwLqOw==",
      "dev": true,
      "requires": {
        "@types/eslint": "*"
      }
    },
    "@types/eslint-scope": {
      "version": "3.7.7",
      "resolved": "https://registry.npmjs.org/@types/eslint-scope/-/eslint-scope-3.7.7.tgz",
      "integrity": "sha512-MzMFlSLBqNF2gcHWO0G1vP/YQyfvrxZ0bF+u7mzUdZ1/xK4A4sru+nraZz5i3iEIk1l1uyicaDVTB4QbbEkAYg==",
      "dev": true,
      "requires": {
        "@types/eslint": "*",
        "@types/estree": "*"
      }
    },
    "@types/esquery": {
      "version": "1.5.3",
      "resolved": "https://registry.npmjs.org/@types/esquery/-/esquery-1.5.3.tgz",
      "integrity": "sha512-c55hQOcoPkWDfuEN9EdP1YyNH4D909U40gUEpY0nB5PWHExWHEPxcx3sx0fJ1Gzf4j1OpWktmIgciIlpgHtfDg==",
      "dev": true,
      "requires": {
        "@types/estree": "*"
      }
    },
    "@types/estraverse": {
      "version": "5.1.7",
      "resolved": "https://registry.npmjs.org/@types/estraverse/-/estraverse-5.1.7.tgz",
      "integrity": "sha512-JRVtdKYZz7VkNp7hMC/WKoiZ8DS3byw20ZGoMZ1R8eBrBPIY7iBaDAS1zcrnXQCwK44G4vbXkimeU7R0VLG8UQ==",
      "dev": true,
      "requires": {
        "@types/estree": "*"
      }
    },
    "@types/estree": {
      "version": "1.0.5",
      "dev": true
    },
    "@types/esutils": {
      "version": "2.0.2",
      "resolved": "https://registry.npmjs.org/@types/esutils/-/esutils-2.0.2.tgz",
      "integrity": "sha512-HPQcBvKaxSKbCt+KKOfPhEFsrXoXDuTuMSEnpB/DVcHXzO6Yt2SAj2OnxqQT/LYO8sCPpk22AJQ2k+nTMMSvNw==",
      "dev": true
    },
    "@types/fast-levenshtein": {
      "version": "0.0.4",
      "resolved": "https://registry.npmjs.org/@types/fast-levenshtein/-/fast-levenshtein-0.0.4.tgz",
      "integrity": "sha512-tkDveuitddQCxut1Db8eEFfMahTjOumTJGPHmT9E7KUH+DkVq9WTpVvlfenf3S+uCBeu8j5FP2xik/KfxOEjeA==",
      "dev": true
    },
    "@types/file-entry-cache": {
      "version": "5.0.4",
      "resolved": "https://registry.npmjs.org/@types/file-entry-cache/-/file-entry-cache-5.0.4.tgz",
      "integrity": "sha512-Fa2gRWMSgbVEJ6GeDkFfBEDK/wpFBHkfeRt7oaeOjuPMdPr8KtA3y+onRuZNxgPOwyABD1chCzmE7pz10ouNog==",
      "dev": true,
      "requires": {
        "@types/node": "*"
      }
    },
    "@types/flat-cache": {
      "version": "2.0.2",
      "resolved": "https://registry.npmjs.org/@types/flat-cache/-/flat-cache-2.0.2.tgz",
      "integrity": "sha512-uZRK+n0d9JBzcEqjRJGD9SiPtDKUn4E5w4n6iFHqAdgylJFc2Eh2KK9UimvH/saz6dwGC36Jt1DzyKBvHiEIgA==",
      "dev": true
    },
    "@types/glob-parent": {
      "version": "5.1.3",
      "resolved": "https://registry.npmjs.org/@types/glob-parent/-/glob-parent-5.1.3.tgz",
      "integrity": "sha512-p+NciRH8TRvrgISOCQ55CP+lktMmDpOXsp4spULIIz0L4aJ6G9zFX+N0UZ2xulmJRgaQLRxXIp4xHdL6YOQjDg==",
      "dev": true
    },
    "@types/imurmurhash": {
      "version": "0.1.4",
      "resolved": "https://registry.npmjs.org/@types/imurmurhash/-/imurmurhash-0.1.4.tgz",
      "integrity": "sha512-Zo/QlTiAvOP3pd9nuPOw33k0l/QssLOBrriShWzUE4qhIZByIF3rCoyF8ZTxdyFTUM2mYljYLqMUeLvA3NJUmQ==",
      "dev": true
    },
    "@types/inflight": {
      "version": "1.0.1",
      "resolved": "https://registry.npmjs.org/@types/inflight/-/inflight-1.0.1.tgz",
      "integrity": "sha512-WwvaiaKozT9jS75yg07JXarQLeICBclqToX5VOoLXlr3L7K/mTueAUYNc2+8TYMgGmfottG9msUxy3C91fQoNw==",
      "dev": true
    },
    "@types/inherits": {
      "version": "0.0.33",
      "resolved": "https://registry.npmjs.org/@types/inherits/-/inherits-0.0.33.tgz",
      "integrity": "sha512-ICS/+dYTkt3D7GPBAKqAAFXpeoWOZ6CVhiOlcweN4t3gZd8joVIy43KWsKGPL+d2Rvxunhz80Z7zlZhmR/q+GQ==",
      "dev": true,
      "requires": {
        "@types/node": "*"
      }
    },
    "@types/is-glob": {
      "version": "4.0.4",
      "resolved": "https://registry.npmjs.org/@types/is-glob/-/is-glob-4.0.4.tgz",
      "integrity": "sha512-3mFBtIPQ0TQetKRDe94g8YrxJZxdMillMGegyv6zRBXvq4peRRhf2wLZ/Dl53emtTsC29dQQBwYvovS20yXpiQ==",
      "dev": true
    },
    "@types/isexe": {
      "version": "2.0.4",
      "resolved": "https://registry.npmjs.org/@types/isexe/-/isexe-2.0.4.tgz",
      "integrity": "sha512-w58Psz9kbciMtGGBeDh/HGfajAehNiXCsI5+6OFC8hvfW2SUfjqDxsTXH1B6i3Zb/fLjasdPM7P64SbsAPNAeA==",
      "dev": true,
      "requires": {
        "@types/node": "*"
      }
    },
    "@types/js-yaml": {
      "version": "4.0.9",
      "resolved": "https://registry.npmjs.org/@types/js-yaml/-/js-yaml-4.0.9.tgz",
      "integrity": "sha512-k4MGaQl5TGo/iipqb2UDG2UwjXziSWkh0uysQelTlJpX1qGlpUZYm8PnO4DxG1qBomtJUdYJ6qR6xdIah10JLg==",
      "dev": true
    },
    "@types/json-buffer": {
      "version": "3.0.2",
      "resolved": "https://registry.npmjs.org/@types/json-buffer/-/json-buffer-3.0.2.tgz",
      "integrity": "sha512-JdDf/nA+fafue3dkRhEYyUx8j7dCXr3LT2DQadS6sfyg4+tUQlsSYwwpxYTml0sLEnzP1cVamcFTkUaMIzkbCQ==",
      "dev": true
    },
    "@types/json-schema": {
      "dev": true
    },
    "@types/json-stable-stringify-without-jsonify": {
      "version": "1.0.2",
      "resolved": "https://registry.npmjs.org/@types/json-stable-stringify-without-jsonify/-/json-stable-stringify-without-jsonify-1.0.2.tgz",
      "integrity": "sha512-X/Kn5f5fv1KBGqGDaegrj72Dlh+qEKN3ELwMAB6RdVlVzkf6NTeEnJpgR/Hr0AlpgTlYq/Vd0U3f79lavn6aDA==",
      "dev": true
    },
    "@types/lodash": {
      "version": "4.14.202",
      "resolved": "https://registry.npmjs.org/@types/lodash/-/lodash-4.14.202.tgz",
      "integrity": "sha512-OvlIYQK9tNneDlS0VN54LLd5uiPCBOp7gS5Z0f1mjoJYBrtStzgmJBxONW3U6OZqdtNzZPmn9BS/7WI7BFFcFQ==",
      "dev": true
    },
    "@types/lodash.merge": {
      "version": "4.6.9",
      "resolved": "https://registry.npmjs.org/@types/lodash.merge/-/lodash.merge-4.6.9.tgz",
      "integrity": "sha512-23sHDPmzd59kUgWyKGiOMO2Qb9YtqRO/x4IhkgNUiPQ1+5MUVqi6bCZeq9nBJ17msjIMbEIO5u+XW4Kz6aGUhQ==",
      "dev": true,
      "requires": {
        "@types/lodash": "*"
      }
    },
    "@types/ms": {
      "version": "0.7.34",
      "resolved": "https://registry.npmjs.org/@types/ms/-/ms-0.7.34.tgz",
      "integrity": "sha512-nG96G3Wp6acyAgJqGasjODb+acrI7KltPiRxzHPXnP3NgI28bpQDRv53olbqGXbfcgF5aiiHmO3xpwEpS5Ld9g==",
      "dev": true
    },
    "@types/natural-compare": {
      "version": "1.4.3",
      "resolved": "https://registry.npmjs.org/@types/natural-compare/-/natural-compare-1.4.3.tgz",
      "integrity": "sha512-XCAxy+Gg6+S6VagwzcknnvCKujj/bVv1q+GFuCrFEelqaZPqJoC+FeXLwc2dp+oLP7qDZQ4ZfQiTJQ9sIUmlLw==",
      "dev": true
    },
    "@types/node": {
      "dev": true
    },
    "@types/once": {
      "version": "1.4.4",
      "resolved": "https://registry.npmjs.org/@types/once/-/once-1.4.4.tgz",
      "integrity": "sha512-KSwEbnmPvnbHLtDj05t0w2CBAYctJ1M6gj/6JfWK+pLeD7/T7QGWGyXHaqLAMOQfDJP+sO/ujPDiPAAlHR3GOg==",
      "dev": true
    },
    "@types/path-is-absolute": {
      "version": "1.0.2",
      "resolved": "https://registry.npmjs.org/@types/path-is-absolute/-/path-is-absolute-1.0.2.tgz",
      "integrity": "sha512-0S6KybVFMuRt2X1Za9qDkT+nGuBwmHpMGTt5FfDvd8s1clMhAz7upji0n/qgIJMGMtg/onn0J3DOJg10kpzJLQ==",
      "dev": true
    },
    "@types/prelude-ls": {
      "version": "1.1.34",
      "resolved": "https://registry.npmjs.org/@types/prelude-ls/-/prelude-ls-1.1.34.tgz",
      "integrity": "sha512-RaLdOsBEtWffpvnM1gH/hyWKYZoc1RwmLZz15XxEI9opQNjve7sSE1KVH5Fv/JMqzyap5bF8DMKl7Br5QZj0Wg==",
      "dev": true
    },
    "@types/punycode": {
      "version": "2.1.3",
      "resolved": "https://registry.npmjs.org/@types/punycode/-/punycode-2.1.3.tgz",
      "integrity": "sha512-dFkH9Mz0yY5UfQVSrpj1grQyqRwe4TohTLlHFx4Gli8/fsaNyoOVUAsiEBZk5JBwbEJVZ49W6st8D5g6dRJb/w==",
      "dev": true
    },
    "@types/run-parallel": {
      "version": "1.1.2",
      "resolved": "https://registry.npmjs.org/@types/run-parallel/-/run-parallel-1.1.2.tgz",
      "integrity": "sha512-VTfcfGokDmgvrrDyq4gXv8Psv0NJCTk2dVYP3PSskghSYljtEuX2LUF6rWGg1fZP/BXxt/4urZl6arSx1b/Sgw==",
      "dev": true
    },
    "@types/shebang-command": {
      "version": "1.2.2",
      "resolved": "https://registry.npmjs.org/@types/shebang-command/-/shebang-command-1.2.2.tgz",
      "integrity": "sha512-qr5yUISYlzwq91s5PIzvs8bR/NQOwaN586kg5eLc1N46uvOTMtMN9J9z9NySmVjy2dlHPr5UmyCBZLRwgfYgpg==",
      "dev": true
    },
    "@types/supports-color": {
      "version": "8.1.3",
      "resolved": "https://registry.npmjs.org/@types/supports-color/-/supports-color-8.1.3.tgz",
      "integrity": "sha512-Hy6UMpxhE3j1tLpl27exp1XqHD7n8chAiNPzWfz16LPZoMMoSc4dzLl6w9qijkEb/r5O1ozdu1CWGA2L83ZeZg==",
      "dev": true
    },
    "@types/text-table": {
      "version": "0.2.5",
      "resolved": "https://registry.npmjs.org/@types/text-table/-/text-table-0.2.5.tgz",
      "integrity": "sha512-hcZhlNvMkQG/k1vcZ6yHOl6WAYftQ2MLfTHcYRZ2xYZFD8tGVnE3qFV0lj1smQeDSR7/yY0PyuUalauf33bJeA==",
      "dev": true
    },
    "@types/type-check": {
      "version": "0.3.30",
      "resolved": "https://registry.npmjs.org/@types/type-check/-/type-check-0.3.30.tgz",
      "integrity": "sha512-xTxWk/TWmpYBWD47NKejJiJ0y14MgPx8XOF2kDSqhQGWPy2qmuKc7P854Wrn3SqO/LyEYiVdsGC1mJw1ds+QpQ==",
      "dev": true
    },
    "@types/ungap__structured-clone": {
      "version": "0.3.3",
      "resolved": "https://registry.npmjs.org/@types/ungap__structured-clone/-/ungap__structured-clone-0.3.3.tgz",
      "integrity": "sha512-RNmhIPwoip6K/zZOv3ypksTAqaqLEXvlNSXKyrC93xMSOAHZCR7PifW6xKZCwkbbnbM9dwB9X56PPoNTlNwEqw==",
      "dev": true
    },
    "@types/which": {
      "version": "3.0.3",
      "resolved": "https://registry.npmjs.org/@types/which/-/which-3.0.3.tgz",
      "integrity": "sha512-2C1+XoY0huExTbs8MQv1DuS5FS86+SEjdM9F/+GS61gg5Hqbtj8ZiDSx8MfWcyei907fIPbfPGCOrNUTnVHY1g==",
      "dev": true
    }
  }
}
